
Microsoft Visual Studio Solution File, Format Version 12.00
# Visual Studio 15
VisualStudioVersion = 15.0.27703.2047
MinimumVisualStudioVersion = 10.0.40219.1
Project("{9A19103F-16F7-4668-BE54-9A1E7A4F7556}") = "BankOfDotNet.API", "BankOfDotNet.API\BankOfDotNet.API.csproj", "{7E4FCCCC-6DB5-4396-8ECF-AAFF70189A90}"
EndProject
Project("{FAE04EC0-301F-11D3-BF4B-00C04F79EFBC}") = "BankOfDotNet.IdentitySvr", "BankOfDotNet.IdentitySvr\BankOfDotNet.IdentitySvr.csproj", "{08E45B4E-D76E-4C2E-8D73-AECC5FCB0ED5}"
EndProject
Project("{FAE04EC0-301F-11D3-BF4B-00C04F79EFBC}") = "BankOfDotNet.ConsoleClient", "BankOfDotNet.ConsoleClient\BankOfDotNet.ConsoleClient.csproj", "{5438034B-A6B1-448B-B270-5F389945DA97}"
EndProject
Global
	GlobalSection(SolutionConfigurationPlatforms) = preSolution
		Debug|Any CPU = Debug|Any CPU
		Release|Any CPU = Release|Any CPU
	EndGlobalSection
	GlobalSection(ProjectConfigurationPlatforms) = postSolution
		{7E4FCCCC-6DB5-4396-8ECF-AAFF70189A90}.Debug|Any CPU.ActiveCfg = Debug|Any CPU
		{7E4FCCCC-6DB5-4396-8ECF-AAFF70189A90}.Debug|Any CPU.Build.0 = Debug|Any CPU
		{7E4FCCCC-6DB5-4396-8ECF-AAFF70189A90}.Release|Any CPU.ActiveCfg = Release|Any CPU
		{7E4FCCCC-6DB5-4396-8ECF-AAFF70189A90}.Release|Any CPU.Build.0 = Release|Any CPU
		{08E45B4E-D76E-4C2E-8D73-AECC5FCB0ED5}.Debug|Any CPU.ActiveCfg = Debug|Any CPU
		{08E45B4E-D76E-4C2E-8D73-AECC5FCB0ED5}.Debug|Any CPU.Build.0 = Debug|Any CPU
		{08E45B4E-D76E-4C2E-8D73-AECC5FCB0ED5}.Release|Any CPU.ActiveCfg = Release|Any CPU
		{08E45B4E-D76E-4C2E-8D73-AECC5FCB0ED5}.Release|Any CPU.Build.0 = Release|Any CPU
		{5438034B-A6B1-448B-B270-5F389945DA97}.Debug|Any CPU.ActiveCfg = Debug|Any CPU
		{5438034B-A6B1-448B-B270-5F389945DA97}.Debug|Any CPU.Build.0 = Debug|Any CPU
		{5438034B-A6B1-448B-B270-5F389945DA97}.Release|Any CPU.ActiveCfg = Release|Any CPU
		{5438034B-A6B1-448B-B270-5F389945DA97}.Release|Any CPU.Build.0 = Release|Any CPU
	EndGlobalSection
	GlobalSection(SolutionProperties) = preSolution
		HideSolutionNode = FALSE
	EndGlobalSection
	GlobalSection(ExtensibilityGlobals) = postSolution
		SolutionGuid = {56084A86-CBB7-4E3F-8A86-13DE7334501B}
	EndGlobalSection
EndGlobal
